
Microsoft Visual Studio Solution File, Format Version 12.00
# Visual Studio Version 17
VisualStudioVersion = 17.6.33829.357
MinimumVisualStudioVersion = 10.0.40219.1
Project("{FAE04EC0-301F-11D3-BF4B-00C04F79EFBC}") = "EcommerceAPI", "EcommerceAPI\EcommerceAPI.csproj", "{95F355C1-56A4-4C93-B4A7-E51271D378E2}"
EndProject
Project("{FAE04EC0-301F-11D3-BF4B-00C04F79EFBC}") = "EcommerceAPI.Dominio", "EcommerceAPI.Dominio\EcommerceAPI.Dominio.csproj", "{10D6BAE4-2578-4CC6-8CEB-42D27DE13BD2}"
EndProject
Project("{FAE04EC0-301F-11D3-BF4B-00C04F79EFBC}") = "EcommerceAPI.Infraestructura", "EcommerceAPI.Infraestructura\EcommerceAPI.Infraestructura.csproj", "{65938D85-1C56-47F1-8EE4-ECCC6146BFA4}"
EndProject
Project("{FAE04EC0-301F-11D3-BF4B-00C04F79EFBC}") = "EcommerceAPI.Comunes", "EcommerceAPI.Comunes\EcommerceAPI.Comunes.csproj", "{143514DC-7464-4EF7-8486-3EBA6CB22838}"
EndProject
Project("{FAE04EC0-301F-11D3-BF4B-00C04F79EFBC}") = "EcommerceAPI.Configuracion", "EcommerceAPI.Configuracion\EcommerceAPI.Configuracion.csproj", "{EEF5A924-5F22-4CF1-BC4C-D778D1371B9E}"
EndProject
Global
	GlobalSection(SolutionConfigurationPlatforms) = preSolution
		Debug|Any CPU = Debug|Any CPU
		Release|Any CPU = Release|Any CPU
	EndGlobalSection
	GlobalSection(ProjectConfigurationPlatforms) = postSolution
		{95F355C1-56A4-4C93-B4A7-E51271D378E2}.Debug|Any CPU.ActiveCfg = Debug|Any CPU
		{95F355C1-56A4-4C93-B4A7-E51271D378E2}.Debug|Any CPU.Build.0 = Debug|Any CPU
		{95F355C1-56A4-4C93-B4A7-E51271D378E2}.Release|Any CPU.ActiveCfg = Release|Any CPU
		{95F355C1-56A4-4C93-B4A7-E51271D378E2}.Release|Any CPU.Build.0 = Release|Any CPU
		{10D6BAE4-2578-4CC6-8CEB-42D27DE13BD2}.Debug|Any CPU.ActiveCfg = Debug|Any CPU
		{10D6BAE4-2578-4CC6-8CEB-42D27DE13BD2}.Debug|Any CPU.Build.0 = Debug|Any CPU
		{10D6BAE4-2578-4CC6-8CEB-42D27DE13BD2}.Release|Any CPU.ActiveCfg = Release|Any CPU
		{10D6BAE4-2578-4CC6-8CEB-42D27DE13BD2}.Release|Any CPU.Build.0 = Release|Any CPU
		{65938D85-1C56-47F1-8EE4-ECCC6146BFA4}.Debug|Any CPU.ActiveCfg = Debug|Any CPU
		{65938D85-1C56-47F1-8EE4-ECCC6146BFA4}.Debug|Any CPU.Build.0 = Debug|Any CPU
		{65938D85-1C56-47F1-8EE4-ECCC6146BFA4}.Release|Any CPU.ActiveCfg = Release|Any CPU
		{65938D85-1C56-47F1-8EE4-ECCC6146BFA4}.Release|Any CPU.Build.0 = Release|Any CPU
		{143514DC-7464-4EF7-8486-3EBA6CB22838}.Debug|Any CPU.ActiveCfg = Debug|Any CPU
		{143514DC-7464-4EF7-8486-3EBA6CB22838}.Debug|Any CPU.Build.0 = Debug|Any CPU
		{143514DC-7464-4EF7-8486-3EBA6CB22838}.Release|Any CPU.ActiveCfg = Release|Any CPU
		{143514DC-7464-4EF7-8486-3EBA6CB22838}.Release|Any CPU.Build.0 = Release|Any CPU
		{EEF5A924-5F22-4CF1-BC4C-D778D1371B9E}.Debug|Any CPU.ActiveCfg = Debug|Any CPU
		{EEF5A924-5F22-4CF1-BC4C-D778D1371B9E}.Debug|Any CPU.Build.0 = Debug|Any CPU
		{EEF5A924-5F22-4CF1-BC4C-D778D1371B9E}.Release|Any CPU.ActiveCfg = Release|Any CPU
		{EEF5A924-5F22-4CF1-BC4C-D778D1371B9E}.Release|Any CPU.Build.0 = Release|Any CPU
	EndGlobalSection
	GlobalSection(SolutionProperties) = preSolution
		HideSolutionNode = FALSE
	EndGlobalSection
	GlobalSection(ExtensibilityGlobals) = postSolution
		SolutionGuid = {6D48CA1C-60E8-49DA-B700-B8607C3DBE8D}
	EndGlobalSection
EndGlobal
